Microsoft Visual Studio Solution File, Format Version 12.00
# Visual Studio Version 17
VisualStudioVersion = 17.5.2.0
MinimumVisualStudioVersion = 10.0.40219.1
Project("{FAE04EC0-301F-11D3-BF4B-00C04F79EFBC}") = "2025-05-23-strings", "2025-05-23-strings.csproj", "{330DFF6C-20F2-2089-9EE1-3BCCE05F522A}"
EndProject
Global
	GlobalSection(SolutionConfigurationPlatforms) = preSolution
		Debug|Any CPU = Debug|Any CPU
		Release|Any CPU = Release|Any CPU
	EndGlobalSection
	GlobalSection(ProjectConfigurationPlatforms) = postSolution
		{330DFF6C-20F2-2089-9EE1-3BCCE05F522A}.Debug|Any CPU.ActiveCfg = Debug|Any CPU
		{330DFF6C-20F2-2089-9EE1-3BCCE05F522A}.Debug|Any CPU.Build.0 = Debug|Any CPU
		{330DFF6C-20F2-2089-9EE1-3BCCE05F522A}.Release|Any CPU.ActiveCfg = Release|Any CPU
		{330DFF6C-20F2-2089-9EE1-3BCCE05F522A}.Release|Any CPU.Build.0 = Release|Any CPU
	EndGlobalSection
	GlobalSection(SolutionProperties) = preSolution
		HideSolutionNode = FALSE
	EndGlobalSection
	GlobalSection(ExtensibilityGlobals) = postSolution
		SolutionGuid = {D9B7F56A-A9E0-4648-B79C-B0EFC1A8E679}
	EndGlobalSection
EndGlobal
